
Microsoft Visual Studio Solution File, Format Version 12.00
# Visual Studio Version 17
VisualStudioVersion = 17.6.33815.320
MinimumVisualStudioVersion = 10.0.40219.1
Project("{8BC9CEB8-8B4A-11D0-8D11-00A0C91BC942}") = "Freelance-project", "Freelance-project\Freelance-project.vcxproj", "{114414A2-94D3-4B8A-B860-48D782511526}"
EndProject
Global
	GlobalSection(SolutionConfigurationPlatforms) = preSolution
		Debug|x64 = Debug|x64
		Debug|x86 = Debug|x86
		Release|x64 = Release|x64
		Release|x86 = Release|x86
	EndGlobalSection
	GlobalSection(ProjectConfigurationPlatforms) = postSolution
		{114414A2-94D3-4B8A-B860-48D782511526}.Debug|x64.ActiveCfg = Debug|x64
		{114414A2-94D3-4B8A-B860-48D782511526}.Debug|x64.Build.0 = Debug|x64
		{114414A2-94D3-4B8A-B860-48D782511526}.Debug|x86.ActiveCfg = Debug|Win32
		{114414A2-94D3-4B8A-B860-48D782511526}.Debug|x86.Build.0 = Debug|Win32
		{114414A2-94D3-4B8A-B860-48D782511526}.Release|x64.ActiveCfg = Release|x64
		{114414A2-94D3-4B8A-B860-48D782511526}.Release|x64.Build.0 = Release|x64
		{114414A2-94D3-4B8A-B860-48D782511526}.Release|x86.ActiveCfg = Release|Win32
		{114414A2-94D3-4B8A-B860-48D782511526}.Release|x86.Build.0 = Release|Win32
	EndGlobalSection
	GlobalSection(SolutionProperties) = preSolution
		HideSolutionNode = FALSE
	EndGlobalSection
	GlobalSection(ExtensibilityGlobals) = postSolution
		SolutionGuid = {E5C78F86-DE15-4DDD-BFA3-3CD0D1B6491E}
	EndGlobalSection
EndGlobal
